
Microsoft Visual Studio Solution File, Format Version 12.00
# Visual Studio Version 16
VisualStudioVersion = 16.0.30225.117
MinimumVisualStudioVersion = 10.0.40219.1
Project("{FAE04EC0-301F-11D3-BF4B-00C04F79EFBC}") = "ConsultarCEPs", "ConsultarCEPs.csproj", "{28C03845-55E9-4F06-AAEA-7E14CE9B09AB}"
EndProject
Global
	GlobalSection(SolutionConfigurationPlatforms) = preSolution
		Debug|Any CPU = Debug|Any CPU
		Release|Any CPU = Release|Any CPU
	EndGlobalSection
	GlobalSection(ProjectConfigurationPlatforms) = postSolution
		{28C03845-55E9-4F06-AAEA-7E14CE9B09AB}.Debug|Any CPU.ActiveCfg = Debug|Any CPU
		{28C03845-55E9-4F06-AAEA-7E14CE9B09AB}.Debug|Any CPU.Build.0 = Debug|Any CPU
		{28C03845-55E9-4F06-AAEA-7E14CE9B09AB}.Release|Any CPU.ActiveCfg = Release|Any CPU
		{28C03845-55E9-4F06-AAEA-7E14CE9B09AB}.Release|Any CPU.Build.0 = Release|Any CPU
	EndGlobalSection
	GlobalSection(SolutionProperties) = preSolution
		HideSolutionNode = FALSE
	EndGlobalSection
	GlobalSection(ExtensibilityGlobals) = postSolution
		SolutionGuid = {99B2966D-2E29-49D6-BB22-9F33286C6006}
	EndGlobalSection
EndGlobal
